// !$*UTF8*$!
{
	archiveVersion = 1;
	classes = {
	};
	objectVersion = 50;
	objects = {

/* Begin PBXBuildFile section */
		A123340921D874BC0046D4A3 /* GoogleService-Info.plist in Resources */ = {isa = PBXBuildFile; fileRef = A123340821D874BC0046D4A3 /* GoogleService-Info.plist */; };
		A123340C21D9998F0046D4A3 /* HTTPMethod.swift in Sources */ = {isa = PBXBuildFile; fileRef = A123340B21D9998F0046D4A3 /* HTTPMethod.swift */; };
		A15E594E218971CC00DDCE99 /* PostDetailViewController.swift in Sources */ = {isa = PBXBuildFile; fileRef = A15E594D218971CC00DDCE99 /* PostDetailViewController.swift */; };
		A15E59502189724E00DDCE99 /* CommentDetailViewController.swift in Sources */ = {isa = PBXBuildFile; fileRef = A15E594F2189724E00DDCE99 /* CommentDetailViewController.swift */; };
		A15E5952218A5D8300DDCE99 /* PostContainerViewController.swift in Sources */ = {isa = PBXBuildFile; fileRef = A15E5951218A5D8300DDCE99 /* PostContainerViewController.swift */; };
		A15E5984218AD06900DDCE99 /* UIImage+Extension.swift in Sources */ = {isa = PBXBuildFile; fileRef = A15E5983218AD06900DDCE99 /* UIImage+Extension.swift */; };
		A15E5988218B75D200DDCE99 /* AppearanceHelper.swift in Sources */ = {isa = PBXBuildFile; fileRef = A15E5987218B75D200DDCE99 /* AppearanceHelper.swift */; };
		A15E598B218B968100DDCE99 /* CALayer+Extension.swift in Sources */ = {isa = PBXBuildFile; fileRef = A15E598A218B968100DDCE99 /* CALayer+Extension.swift */; };
		A19CC79C2187A59100B7CBD0 /* MenuViewController.swift in Sources */ = {isa = PBXBuildFile; fileRef = A19CC79B2187A59100B7CBD0 /* MenuViewController.swift */; };
		A19CC7A42189196500B7CBD0 /* PostsTableViewController.swift in Sources */ = {isa = PBXBuildFile; fileRef = A19CC7A32189196500B7CBD0 /* PostsTableViewController.swift */; };
		A19CC7A621891ABA00B7CBD0 /* PostTableViewCell.swift in Sources */ = {isa = PBXBuildFile; fileRef = A19CC7A521891ABA00B7CBD0 /* PostTableViewCell.swift */; };
		A19CC7A821892DBA00B7CBD0 /* CommentTableViewController.swift in Sources */ = {isa = PBXBuildFile; fileRef = A19CC7A721892DBA00B7CBD0 /* CommentTableViewController.swift */; };
		A19CC7AA21892DCE00B7CBD0 /* CommentTableViewCell.swift in Sources */ = {isa = PBXBuildFile; fileRef = A19CC7A921892DCE00B7CBD0 /* CommentTableViewCell.swift */; };
		A1C1D7D921868B9F00DC923D /* AppDelegate.swift in Sources */ = {isa = PBXBuildFile; fileRef = A1C1D7D821868B9F00DC923D /* AppDelegate.swift */; };
		A1C1D7DE21868B9F00DC923D /* Main.storyboard in Resources */ = {isa = PBXBuildFile; fileRef = A1C1D7DC21868B9F00DC923D /* Main.storyboard */; };
		A1C1D7E021868BA100DC923D /* Assets.xcassets in Resources */ = {isa = PBXBuildFile; fileRef = A1C1D7DF21868BA100DC923D /* Assets.xcassets */; };
		A1C1D7E321868BA100DC923D /* LaunchScreen.storyboard in Resources */ = {isa = PBXBuildFile; fileRef = A1C1D7E121868BA100DC923D /* LaunchScreen.storyboard */; };
		A1F203FA2186BB7C0067E672 /* SignUpViewController.swift in Sources */ = {isa = PBXBuildFile; fileRef = A1F203F92186BB7C0067E672 /* SignUpViewController.swift */; };
		A1F203FC2186BB8F0067E672 /* LogInViewController.swift in Sources */ = {isa = PBXBuildFile; fileRef = A1F203FB2186BB8F0067E672 /* LogInViewController.swift */; };
		A1F204022186BC400067E672 /* PostController.swift in Sources */ = {isa = PBXBuildFile; fileRef = A1F204012186BC400067E672 /* PostController.swift */; };
		A1F204042186BC8A0067E672 /* CommentController.swift in Sources */ = {isa = PBXBuildFile; fileRef = A1F204032186BC8A0067E672 /* CommentController.swift */; };
		A1F204062186BCAA0067E672 /* UserController.swift in Sources */ = {isa = PBXBuildFile; fileRef = A1F204052186BCAA0067E672 /* UserController.swift */; };
		A1F204092186BCDD0067E672 /* User.swift in Sources */ = {isa = PBXBuildFile; fileRef = A1F204082186BCDD0067E672 /* User.swift */; };
		A1F2040B2186BCF20067E672 /* Comment.swift in Sources */ = {isa = PBXBuildFile; fileRef = A1F2040A2186BCF20067E672 /* Comment.swift */; };
		A1F2040D2186BD090067E672 /* Post.swift in Sources */ = {isa = PBXBuildFile; fileRef = A1F2040C2186BD090067E672 /* Post.swift */; };
/* End PBXBuildFile section */

/* Begin PBXFileReference section */
		A123340821D874BC0046D4A3 /* GoogleService-Info.plist */ = {isa = PBXFileReference; fileEncoding = 4; lastKnownFileType = text.plist.xml; path = "GoogleService-Info.plist"; sourceTree = "<group>"; };
		A123340B21D9998F0046D4A3 /* HTTPMethod.swift */ = {isa = PBXFileReference; lastKnownFileType = sourcecode.swift; path = HTTPMethod.swift; sourceTree = "<group>"; };
		A15E594D218971CC00DDCE99 /* PostDetailViewController.swift */ = {isa = PBXFileReference; lastKnownFileType = sourcecode.swift; path = PostDetailViewController.swift; sourceTree = "<group>"; };
		A15E594F2189724E00DDCE99 /* CommentDetailViewController.swift */ = {isa = PBXFileReference; lastKnownFileType = sourcecode.swift; path = CommentDetailViewController.swift; sourceTree = "<group>"; };
		A15E5951218A5D8300DDCE99 /* PostContainerViewController.swift */ = {isa = PBXFileReference; lastKnownFileType = sourcecode.swift; path = PostContainerViewController.swift; sourceTree = "<group>"; };
		A15E5983218AD06900DDCE99 /* UIImage+Extension.swift */ = {isa = PBXFileReference; lastKnownFileType = sourcecode.swift; path = "UIImage+Extension.swift"; sourceTree = "<group>"; };
		A15E5987218B75D200DDCE99 /* AppearanceHelper.swift */ = {isa = PBXFileReference; lastKnownFileType = sourcecode.swift; name = AppearanceHelper.swift; path = "/Users/moinuddin/Desktop/IOS Projects/Reddit Clone/Reddit Clone/AppearanceHelper.swift"; sourceTree = "<absolute>"; };
		A15E598A218B968100DDCE99 /* CALayer+Extension.swift */ = {isa = PBXFileReference; lastKnownFileType = sourcecode.swift; path = "CALayer+Extension.swift"; sourceTree = "<group>"; };
		A19CC79B2187A59100B7CBD0 /* MenuViewController.swift */ = {isa = PBXFileReference; lastKnownFileType = sourcecode.swift; path = MenuViewController.swift; sourceTree = "<group>"; };
		A19CC7A32189196500B7CBD0 /* PostsTableViewController.swift */ = {isa = PBXFileReference; lastKnownFileType = sourcecode.swift; path = PostsTableViewController.swift; sourceTree = "<group>"; };
		A19CC7A521891ABA00B7CBD0 /* PostTableViewCell.swift */ = {isa = PBXFileReference; lastKnownFileType = sourcecode.swift; path = PostTableViewCell.swift; sourceTree = "<group>"; };
		A19CC7A721892DBA00B7CBD0 /* CommentTableViewController.swift */ = {isa = PBXFileReference; lastKnownFileType = sourcecode.swift; path = CommentTableViewController.swift; sourceTree = "<group>"; };
		A19CC7A921892DCE00B7CBD0 /* CommentTableViewCell.swift */ = {isa = PBXFileReference; lastKnownFileType = sourcecode.swift; path = CommentTableViewCell.swift; sourceTree = "<group>"; };
		A1C1D7D521868B9F00DC923D /* Reddit Clone.app */ = {isa = PBXFileReference; explicitFileType = wrapper.application; includeInIndex = 0; path = "Reddit Clone.app"; sourceTree = BUILT_PRODUCTS_DIR; };
		A1C1D7D821868B9F00DC923D /* AppDelegate.swift */ = {isa = PBXFileReference; lastKnownFileType = sourcecode.swift; path = AppDelegate.swift; sourceTree = "<group>"; };
		A1C1D7DD21868B9F00DC923D /* Base */ = {isa = PBXFileReference; lastKnownFileType = file.storyboard; name = Base; path = Base.lproj/Main.storyboard; sourceTree = "<group>"; };
		A1C1D7DF21868BA100DC923D /* Assets.xcassets */ = {isa = PBXFileReference; lastKnownFileType = folder.assetcatalog; path = Assets.xcassets; sourceTree = "<group>"; };
		A1C1D7E221868BA100DC923D /* Base */ = {isa = PBXFileReference; lastKnownFileType = file.storyboard; name = Base; path = Base.lproj/LaunchScreen.storyboard; sourceTree = "<group>"; };
		A1C1D7E421868BA100DC923D /* Info.plist */ = {isa = PBXFileReference; lastKnownFileType = text.plist.xml; path = Info.plist; sourceTree = "<group>"; };
		A1F203F92186BB7C0067E672 /* SignUpViewController.swift */ = {isa = PBXFileReference; lastKnownFileType = sourcecode.swift; path = SignUpViewController.swift; sourceTree = "<group>"; };
		A1F203FB2186BB8F0067E672 /* LogInViewController.swift */ = {isa = PBXFileReference; lastKnownFileType = sourcecode.swift; path = LogInViewController.swift; sourceTree = "<group>"; };
		A1F204012186BC400067E672 /* PostController.swift */ = {isa = PBXFileReference; lastKnownFileType = sourcecode.swift; path = PostController.swift; sourceTree = "<group>"; };
		A1F204032186BC8A0067E672 /* CommentController.swift */ = {isa = PBXFileReference; lastKnownFileType = sourcecode.swift; path = CommentController.swift; sourceTree = "<group>"; };
		A1F204052186BCAA0067E672 /* UserController.swift */ = {isa = PBXFileReference; lastKnownFileType = sourcecode.swift; path = UserController.swift; sourceTree = "<group>"; };
		A1F204082186BCDD0067E672 /* User.swift */ = {isa = PBXFileReference; lastKnownFileType = sourcecode.swift; path = User.swift; sourceTree = "<group>"; };
		A1F2040A2186BCF20067E672 /* Comment.swift */ = {isa = PBXFileReference; lastKnownFileType = sourcecode.swift; path = Comment.swift; sourceTree = "<group>"; };
		A1F2040C2186BD090067E672 /* Post.swift */ = {isa = PBXFileReference; lastKnownFileType = sourcecode.swift; path = Post.swift; sourceTree = "<group>"; };
/* End PBXFileReference section */

/* Begin PBXFrameworksBuildPhase section */
		A1C1D7D221868B9F00DC923D /* Frameworks */ = {
			isa = PBXFrameworksBuildPhase;
			buildActionMask = 2147483647;
			files = (
			);
			runOnlyForDeploymentPostprocessing = 0;
		};
/* End PBXFrameworksBuildPhase section */

/* Begin PBXGroup section */
		A123340A21D999630046D4A3 /* Enums */ = {
			isa = PBXGroup;
			children = (
				A123340B21D9998F0046D4A3 /* HTTPMethod.swift */,
			);
			path = Enums;
			sourceTree = "<group>";
		};
		A15E5989218B75D800DDCE99 /* Helpers */ = {
			isa = PBXGroup;
			children = (
				A15E5987218B75D200DDCE99 /* AppearanceHelper.swift */,
			);
			path = Helpers;
			sourceTree = "<group>";
		};
		A1C1D7CC21868B9F00DC923D = {
			isa = PBXGroup;
			children = (
				A1C1D7D721868B9F00DC923D /* Reddit Clone */,
				A1C1D7D621868B9F00DC923D /* Products */,
			);
			sourceTree = "<group>";
		};
		A1C1D7D621868B9F00DC923D /* Products */ = {
			isa = PBXGroup;
			children = (
				A1C1D7D521868B9F00DC923D /* Reddit Clone.app */,
			);
			name = Products;
			sourceTree = "<group>";
		};
		A1C1D7D721868B9F00DC923D /* Reddit Clone */ = {
			isa = PBXGroup;
			children = (
				A123340A21D999630046D4A3 /* Enums */,
				A123340821D874BC0046D4A3 /* GoogleService-Info.plist */,
				A15E5989218B75D800DDCE99 /* Helpers */,
				A1F204072186BCD00067E672 /* Models */,
				A1F203FE2186BBA20067E672 /* Controllers */,
				A1F203FD2186BB980067E672 /* View Controllers */,
				A1C1D7D821868B9F00DC923D /* AppDelegate.swift */,
				A15E598A218B968100DDCE99 /* CALayer+Extension.swift */,
				A1C1D7DC21868B9F00DC923D /* Main.storyboard */,
				A1C1D7DF21868BA100DC923D /* Assets.xcassets */,
				A1C1D7E121868BA100DC923D /* LaunchScreen.storyboard */,
				A1C1D7E421868BA100DC923D /* Info.plist */,
				A15E5983218AD06900DDCE99 /* UIImage+Extension.swift */,
			);
			path = "Reddit Clone";
			sourceTree = "<group>";
		};
		A1F203FD2186BB980067E672 /* View Controllers */ = {
			isa = PBXGroup;
			children = (
				A15E594D218971CC00DDCE99 /* PostDetailViewController.swift */,
				A19CC7A721892DBA00B7CBD0 /* CommentTableViewController.swift */,
				A15E5951218A5D8300DDCE99 /* PostContainerViewController.swift */,
				A19CC7A921892DCE00B7CBD0 /* CommentTableViewCell.swift */,
				A19CC7A32189196500B7CBD0 /* PostsTableViewController.swift */,
				A19CC7A521891ABA00B7CBD0 /* PostTableViewCell.swift */,
				A19CC79B2187A59100B7CBD0 /* MenuViewController.swift */,
				A15E594F2189724E00DDCE99 /* CommentDetailViewController.swift */,
				A1F203FB2186BB8F0067E672 /* LogInViewController.swift */,
				A1F203F92186BB7C0067E672 /* SignUpViewController.swift */,
			);
			path = "View Controllers";
			sourceTree = "<group>";
		};
		A1F203FE2186BBA20067E672 /* Controllers */ = {
			isa = PBXGroup;
			children = (
				A1F204012186BC400067E672 /* PostController.swift */,
				A1F204032186BC8A0067E672 /* CommentController.swift */,
				A1F204052186BCAA0067E672 /* UserController.swift */,
			);
			path = Controllers;
			sourceTree = "<group>";
		};
		A1F204072186BCD00067E672 /* Models */ = {
			isa = PBXGroup;
			children = (
				A1F204082186BCDD0067E672 /* User.swift */,
				A1F2040A2186BCF20067E672 /* Comment.swift */,
				A1F2040C2186BD090067E672 /* Post.swift */,
			);
			path = Models;
			sourceTree = "<group>";
		};
/* End PBXGroup section */

/* Begin PBXNativeTarget section */
		A1C1D7D421868B9F00DC923D /* Reddit Clone */ = {
			isa = PBXNativeTarget;
			buildConfigurationList = A1C1D7E721868BA100DC923D /* Build configuration list for PBXNativeTarget "Reddit Clone" */;
			buildPhases = (
				A1C1D7D121868B9F00DC923D /* Sources */,
				A1C1D7D221868B9F00DC923D /* Frameworks */,
				A1C1D7D321868B9F00DC923D /* Resources */,
			);
			buildRules = (
			);
			dependencies = (
			);
			name = "Reddit Clone";
			productName = "Reddit Clone";
			productReference = A1C1D7D521868B9F00DC923D /* Reddit Clone.app */;
			productType = "com.apple.product-type.application";
		};
/* End PBXNativeTarget section */

/* Begin PBXProject section */
		A1C1D7CD21868B9F00DC923D /* Project object */ = {
			isa = PBXProject;
			attributes = {
				LastSwiftUpdateCheck = 1000;
				LastUpgradeCheck = 1000;
				ORGANIZATIONNAME = "Moin Uddin";
				TargetAttributes = {
					A1C1D7D421868B9F00DC923D = {
						CreatedOnToolsVersion = 10.0;
					};
				};
			};
			buildConfigurationList = A1C1D7D021868B9F00DC923D /* Build configuration list for PBXProject "Reddit Clone" */;
			compatibilityVersion = "Xcode 9.3";
			developmentRegion = en;
			hasScannedForEncodings = 0;
			knownRegions = (
				en,
				Base,
			);
			mainGroup = A1C1D7CC21868B9F00DC923D;
			productRefGroup = A1C1D7D621868B9F00DC923D /* Products */;
			projectDirPath = "";
			projectRoot = "";
			targets = (
				A1C1D7D421868B9F00DC923D /* Reddit Clone */,
			);
		};
/* End PBXProject section */

/* Begin PBXResourcesBuildPhase section */
		A1C1D7D321868B9F00DC923D /* Resources */ = {
			isa = PBXResourcesBuildPhase;
			buildActionMask = 2147483647;
			files = (
				A1C1D7E321868BA100DC923D /* LaunchScreen.storyboard in Resources */,
				A123340921D874BC0046D4A3 /* GoogleService-Info.plist in Resources */,
				A1C1D7E021868BA100DC923D /* Assets.xcassets in Resources */,
				A1C1D7DE21868B9F00DC923D /* Main.storyboard in Resources */,
			);
			runOnlyForDeploymentPostprocessing = 0;
		};
/* End PBXResourcesBuildPhase section */

/* Begin PBXSourcesBuildPhase section */
		A1C1D7D121868B9F00DC923D /* Sources */ = {
			isa = PBXSourcesBuildPhase;
			buildActionMask = 2147483647;
			files = (
				A1F204062186BCAA0067E672 /* UserController.swift in Sources */,
				A19CC79C2187A59100B7CBD0 /* MenuViewController.swift in Sources */,
				A123340C21D9998F0046D4A3 /* HTTPMethod.swift in Sources */,
				A19CC7A42189196500B7CBD0 /* PostsTableViewController.swift in Sources */,
				A15E598B218B968100DDCE99 /* CALayer+Extension.swift in Sources */,
				A15E5984218AD06900DDCE99 /* UIImage+Extension.swift in Sources */,
				A15E59502189724E00DDCE99 /* CommentDetailViewController.swift in Sources */,
				A1F204022186BC400067E672 /* PostController.swift in Sources */,
				A19CC7A821892DBA00B7CBD0 /* CommentTableViewController.swift in Sources */,
				A1F203FA2186BB7C0067E672 /* SignUpViewController.swift in Sources */,
				A1F2040B2186BCF20067E672 /* Comment.swift in Sources */,
				A15E594E218971CC00DDCE99 /* PostDetailViewController.swift in Sources */,
				A19CC7A621891ABA00B7CBD0 /* PostTableViewCell.swift in Sources */,
				A1C1D7D921868B9F00DC923D /* AppDelegate.swift in Sources */,
				A1F203FC2186BB8F0067E672 /* LogInViewController.swift in Sources */,
				A1F2040D2186BD090067E672 /* Post.swift in Sources */,
				A19CC7AA21892DCE00B7CBD0 /* CommentTableViewCell.swift in Sources */,
				A15E5952218A5D8300DDCE99 /* PostContainerViewController.swift in Sources */,
				A15E5988218B75D200DDCE99 /* AppearanceHelper.swift in Sources */,
				A1F204042186BC8A0067E672 /* CommentController.swift in Sources */,
				A1F204092186BCDD0067E672 /* User.swift in Sources */,
			);
			runOnlyForDeploymentPostprocessing = 0;
		};
/* End PBXSourcesBuildPhase section */

/* Begin PBXVariantGroup section */
		A1C1D7DC21868B9F00DC923D /* Main.storyboard */ = {
			isa = PBXVariantGroup;
			children = (
				A1C1D7DD21868B9F00DC923D /* Base */,
			);
			name = Main.storyboard;
			sourceTree = "<group>";
		};
		A1C1D7E121868BA100DC923D /* LaunchScreen.storyboard */ = {
			isa = PBXVariantGroup;
			children = (
				A1C1D7E221868BA100DC923D /* Base */,
			);
			name = LaunchScreen.storyboard;
			sourceTree = "<group>";
		};
/* End PBXVariantGroup section */

/* Begin XCBuildConfiguration section */
		A1C1D7E521868BA100DC923D /* Debug */ = {
			isa = XCBuildConfiguration;
			buildSettings = {
				ALWAYS_SEARCH_USER_PATHS = NO;
				CLANG_ANALYZER_NONNULL = YES;
				CLANG_ANALYZER_NUMBER_OBJECT_CONVERSION = YES_AGGRESSIVE;
				CLANG_CXX_LANGUAGE_STANDARD = "gnu++14";
				CLANG_CXX_LIBRARY = "libc++";
				CLANG_ENABLE_MODULES = YES;
				CLANG_ENABLE_OBJC_ARC = YES;
				CLANG_ENABLE_OBJC_WEAK = YES;
				CLANG_WARN_BLOCK_CAPTURE_AUTORELEASING = YES;
				CLANG_WARN_BOOL_CONVERSION = YES;
				CLANG_WARN_COMMA = YES;
				CLANG_WARN_CONSTANT_CONVERSION = YES;
				CLANG_WARN_DEPRECATED_OBJC_IMPLEMENTATIONS = YES;
				CLANG_WARN_DIRECT_OBJC_ISA_USAGE = YES_ERROR;
				CLANG_WARN_DOCUMENTATION_COMMENTS = YES;
				CLANG_WARN_EMPTY_BODY = YES;
				CLANG_WARN_ENUM_CONVERSION = YES;
				CLANG_WARN_INFINITE_RECURSION = YES;
				CLANG_WARN_INT_CONVERSION = YES;
				CLANG_WARN_NON_LITERAL_NULL_CONVERSION = YES;
				CLANG_WARN_OBJC_IMPLICIT_RETAIN_SELF = YES;
				CLANG_WARN_OBJC_LITERAL_CONVERSION = YES;
				CLANG_WARN_OBJC_ROOT_CLASS = YES_ERROR;
				CLANG_WARN_RANGE_LOOP_ANALYSIS = YES;
				CLANG_WARN_STRICT_PROTOTYPES = YES;
				CLANG_WARN_SUSPICIOUS_MOVE = YES;
				CLANG_WARN_UNGUARDED_AVAILABILITY = YES_AGGRESSIVE;
				CLANG_WARN_UNREACHABLE_CODE = YES;
				CLANG_WARN__DUPLICATE_METHOD_MATCH = YES;
				CODE_SIGN_IDENTITY = "iPhone Developer";
				COPY_PHASE_STRIP = NO;
				DEBUG_INFORMATION_FORMAT = dwarf;
				ENABLE_STRICT_OBJC_MSGSEND = YES;
				ENABLE_TESTABILITY = YES;
				GCC_C_LANGUAGE_STANDARD = gnu11;
				GCC_DYNAMIC_NO_PIC = NO;
				GCC_NO_COMMON_BLOCKS = YES;
				GCC_OPTIMIZATION_LEVEL = 0;
				GCC_PREPROCESSOR_DEFINITIONS = (
					"DEBUG=1",
					"$(inherited)",
				);
				GCC_WARN_64_TO_32_BIT_CONVERSION = YES;
				GCC_WARN_ABOUT_RETURN_TYPE = YES_ERROR;
				GCC_WARN_UNDECLARED_SELECTOR = YES;
				GCC_WARN_UNINITIALIZED_AUTOS = YES_AGGRESSIVE;
				GCC_WARN_UNUSED_FUNCTION = YES;
				GCC_WARN_UNUSED_VARIABLE = YES;
				IPHONEOS_DEPLOYMENT_TARGET = 12.0;
				MTL_ENABLE_DEBUG_INFO = INCLUDE_SOURCE;
				MTL_FAST_MATH = YES;
				ONLY_ACTIVE_ARCH = YES;
				SDKROOT = iphoneos;
				SWIFT_ACTIVE_COMPILATION_CONDITIONS = DEBUG;
				SWIFT_OPTIMIZATION_LEVEL = "-Onone";
			};
			name = Debug;
		};
		A1C1D7E621868BA100DC923D /* Release */ = {
			isa = XCBuildConfiguration;
			buildSettings = {
				ALWAYS_SEARCH_USER_PATHS = NO;
				CLANG_ANALYZER_NONNULL = YES;
				CLANG_ANALYZER_NUMBER_OBJECT_CONVERSION = YES_AGGRESSIVE;
				CLANG_CXX_LANGUAGE_STANDARD = "gnu++14";
				CLANG_CXX_LIBRARY = "libc++";
				CLANG_ENABLE_MODULES = YES;
				CLANG_ENABLE_OBJC_ARC = YES;
				CLANG_ENABLE_OBJC_WEAK = YES;
				CLANG_WARN_BLOCK_CAPTURE_AUTORELEASING = YES;
				CLANG_WARN_BOOL_CONVERSION = YES;
				CLANG_WARN_COMMA = YES;
				CLANG_WARN_CONSTANT_CONVERSION = YES;
				CLANG_WARN_DEPRECATED_OBJC_IMPLEMENTATIONS = YES;
				CLANG_WARN_DIRECT_OBJC_ISA_USAGE = YES_ERROR;
				CLANG_WARN_DOCUMENTATION_COMMENTS = YES;
				CLANG_WARN_EMPTY_BODY = YES;
				CLANG_WARN_ENUM_CONVERSION = YES;
				CLANG_WARN_INFINITE_RECURSION = YES;
				CLANG_WARN_INT_CONVERSION = YES;
				CLANG_WARN_NON_LITERAL_NULL_CONVERSION = YES;
				CLANG_WARN_OBJC_IMPLICIT_RETAIN_SELF = YES;
				CLANG_WARN_OBJC_LITERAL_CONVERSION = YES;
				CLANG_WARN_OBJC_ROOT_CLASS = YES_ERROR;
				CLANG_WARN_RANGE_LOOP_ANALYSIS = YES;
				CLANG_WARN_STRICT_PROTOTYPES = YES;
				CLANG_WARN_SUSPICIOUS_MOVE = YES;
				CLANG_WARN_UNGUARDED_AVAILABILITY = YES_AGGRESSIVE;
				CLANG_WARN_UNREACHABLE_CODE = YES;
				CLANG_WARN__DUPLICATE_METHOD_MATCH = YES;
				CODE_SIGN_IDENTITY = "iPhone Developer";
				COPY_PHASE_STRIP = NO;
				DEBUG_INFORMATION_FORMAT = "dwarf-with-dsym";
				ENABLE_NS_ASSERTIONS = NO;
				ENABLE_STRICT_OBJC_MSGSEND = YES;
				GCC_C_LANGUAGE_STANDARD = gnu11;
				GCC_NO_COMMON_BLOCKS = YES;
				GCC_WARN_64_TO_32_BIT_CONVERSION = YES;
				GCC_WARN_ABOUT_RETURN_TYPE = YES_ERROR;
				GCC_WARN_UNDECLARED_SELECTOR = YES;
				GCC_WARN_UNINITIALIZED_AUTOS = YES_AGGRESSIVE;
				GCC_WARN_UNUSED_FUNCTION = YES;
				GCC_WARN_UNUSED_VARIABLE = YES;
				IPHONEOS_DEPLOYMENT_TARGET = 12.0;
				MTL_ENABLE_DEBUG_INFO = NO;
				MTL_FAST_MATH = YES;
				SDKROOT = iphoneos;
				SWIFT_COMPILATION_MODE = wholemodule;
				SWIFT_OPTIMIZATION_LEVEL = "-O";
				VALIDATE_PRODUCT = YES;
			};
			name = Release;
		};
		A1C1D7E821868BA100DC923D /* Debug */ = {
			isa = XCBuildConfiguration;
			buildSettings = {
				ASSETCATALOG_COMPILER_APPICON_NAME = AppIcon;
				CODE_SIGN_STYLE = Automatic;
				DEVELOPMENT_TEAM = 7WH6XTF8JG;
				INFOPLIST_FILE = "Reddit Clone/Info.plist";
				LD_RUNPATH_SEARCH_PATHS = (
					"$(inherited)",
					"@executable_path/Frameworks",
				);
				PRODUCT_BUNDLE_IDENTIFIER = "com.moinuddin.Reddit-Clone";
				PRODUCT_NAME = "$(TARGET_NAME)";
				SWIFT_VERSION = 4.2;
				TARGETED_DEVICE_FAMILY = "1,2";
			};
			name = Debug;
		};
		A1C1D7E921868BA100DC923D /* Release */ = {
			isa = XCBuildConfiguration;
			buildSettings = {
				ASSETCATALOG_COMPILER_APPICON_NAME = AppIcon;
				CODE_SIGN_STYLE = Automatic;
				DEVELOPMENT_TEAM = 7WH6XTF8JG;
				INFOPLIST_FILE = "Reddit Clone/Info.plist";
				LD_RUNPATH_SEARCH_PATHS = (
					"$(inherited)",
					"@executable_path/Frameworks",
				);
				PRODUCT_BUNDLE_IDENTIFIER = "com.moinuddin.Reddit-Clone";
				PRODUCT_NAME = "$(TARGET_NAME)";
				SWIFT_VERSION = 4.2;
				TARGETED_DEVICE_FAMILY = "1,2";
			};
			name = Release;
		};
/* End XCBuildConfiguration section */

/* Begin XCConfigurationList section */
		A1C1D7D021868B9F00DC923D /* Build configuration list for PBXProject "Reddit Clone" */ = {
			isa = XCConfigurationList;
			buildConfigurations = (
				A1C1D7E521868BA100DC923D /* Debug */,
				A1C1D7E621868BA100DC923D /* Release */,
			);
			defaultConfigurationIsVisible = 0;
			defaultConfigurationName = Release;
		};
		A1C1D7E721868BA100DC923D /* Build configuration list for PBXNativeTarget "Reddit Clone" */ = {
			isa = XCConfigurationList;
			buildConfigurations = (
				A1C1D7E821868BA100DC923D /* Debug */,
				A1C1D7E921868BA100DC923D /* Release */,
			);
			defaultConfigurationIsVisible = 0;
			defaultConfigurationName = Release;
		};
/* End XCConfigurationList section */
	};
	rootObject = A1C1D7CD21868B9F00DC923D /* Project object */;
}
